github.com/go-sql-driver/mysql v1.6.0 h1:BCTh4TKNUYmOmMUcQ3IipzF5prigylS7XXjEkfCHuOE=
github.com/go-sql-driver/mysql v1.6.0/go.mod h1:DCzpHaOWr8IXmIStZouvnhqoel9Qv2LBy8hT2VhHyBg=
github.com/rabbitmq/amqp091-go v1.2.0 h1:1pHBxAsQh54R9eX/xo679fUEAfv3loMqi0pvRFOj2nk=
github.com/rabbitmq/amqp091-go v1.2.0/go.mod h1:ogQDLSOACsLPsIq0NpbtiifNZi2YOz0VTJ0kHRghqbM=
